// !$*UTF8*$!
{
	archiveVersion = 1;
	classes = {
	};
	objectVersion = 77;
	objects = {

/* Begin PBXContainerItemProxy section */
		E1524CFD2D66AC4B00A1D795 /* PBXContainerItemProxy */ = {
			isa = PBXContainerItemProxy;
			containerPortal = E1524CE42D66AC4900A1D795 /* Project object */;
			proxyType = 1;
			remoteGlobalIDString = E1524CEB2D66AC4900A1D795;
			remoteInfo = "auditory navigation";
		};
		E1524D072D66AC4B00A1D795 /* PBXContainerItemProxy */ = {
			isa = PBXContainerItemProxy;
			containerPortal = E1524CE42D66AC4900A1D795 /* Project object */;
			proxyType = 1;
			remoteGlobalIDString = E1524CEB2D66AC4900A1D795;
			remoteInfo = "auditory navigation";
		};
/* End PBXContainerItemProxy section */

/* Begin PBXFileReference section */
		E1524CEC2D66AC4900A1D795 /* auditory navigation.app */ = {isa = PBXFileReference; explicitFileType = wrapper.application; includeInIndex = 0; path = "auditory navigation.app"; sourceTree = BUILT_PRODUCTS_DIR; };
		E1524CFC2D66AC4B00A1D795 /* auditory navigationTests.xctest */ = {isa = PBXFileReference; explicitFileType = wrapper.cfbundle; includeInIndex = 0; path = "auditory navigationTests.xctest"; sourceTree = BUILT_PRODUCTS_DIR; };
		E1524D062D66AC4B00A1D795 /* auditory navigationUITests.xctest */ = {isa = PBXFileReference; explicitFileType = wrapper.cfbundle; includeInIndex = 0; path = "auditory navigationUITests.xctest"; sourceTree = BUILT_PRODUCTS_DIR; };
/* End PBXFileReference section */

/* Begin PBXFileSystemSynchronizedRootGroup section */
		E1524CEE2D66AC4900A1D795 /* auditory navigation */ = {
			isa = PBXFileSystemSynchronizedRootGroup;
			path = "auditory navigation";
			sourceTree = "<group>";
		};
		E1524CFF2D66AC4B00A1D795 /* auditory navigationTests */ = {
			isa = PBXFileSystemSynchronizedRootGroup;
			path = "auditory navigationTests";
			sourceTree = "<group>";
		};
		E1524D092D66AC4B00A1D795 /* auditory navigationUITests */ = {
			isa = PBXFileSystemSynchronizedRootGroup;
			path = "auditory navigationUITests";
			sourceTree = "<group>";
		};
/* End PBXFileSystemSynchronizedRootGroup section */

/* Begin PBXFrameworksBuildPhase section */
		E1524CE92D66AC4900A1D795 /* Frameworks */ = {
			isa = PBXFrameworksBuildPhase;
			buildActionMask = 2147483647;
			files = (
			);
			runOnlyForDeploymentPostprocessing = 0;
		};
		E1524CF92D66AC4B00A1D795 /* Frameworks */ = {
			isa = PBXFrameworksBuildPhase;
			buildActionMask = 2147483647;
			files = (
			);
			runOnlyForDeploymentPostprocessing = 0;
		};
		E1524D032D66AC4B00A1D795 /* Frameworks */ = {
			isa = PBXFrameworksBuildPhase;
			buildActionMask = 2147483647;
			files = (
			);
			runOnlyForDeploymentPostprocessing = 0;
		};
/* End PBXFrameworksBuildPhase section */

/* Begin PBXGroup section */
		E1524CE32D66AC4900A1D795 = {
			isa = PBXGroup;
			children = (
				E1524CEE2D66AC4900A1D795 /* auditory navigation */,
				E1524CFF2D66AC4B00A1D795 /* auditory navigationTests */,
				E1524D092D66AC4B00A1D795 /* auditory navigationUITests */,
				E1524CED2D66AC4900A1D795 /* Products */,
			);
			sourceTree = "<group>";
		};
		E1524CED2D66AC4900A1D795 /* Products */ = {
			isa = PBXGroup;
			children = (
				E1524CEC2D66AC4900A1D795 /* auditory navigation.app */,
				E1524CFC2D66AC4B00A1D795 /* auditory navigationTests.xctest */,
				E1524D062D66AC4B00A1D795 /* auditory navigationUITests.xctest */,
			);
			name = Products;
			sourceTree = "<group>";
		};
/* End PBXGroup section */

/* Begin PBXNativeTarget section */
		E1524CEB2D66AC4900A1D795 /* auditory navigation */ = {
			isa = PBXNativeTarget;
			buildConfigurationList = E1524D102D66AC4B00A1D795 /* Build configuration list for PBXNativeTarget "auditory navigation" */;
			buildPhases = (
				E1524CE82D66AC4900A1D795 /* Sources */,
				E1524CE92D66AC4900A1D795 /* Frameworks */,
				E1524CEA2D66AC4900A1D795 /* Resources */,
			);
			buildRules = (
			);
			dependencies = (
			);
			fileSystemSynchronizedGroups = (
				E1524CEE2D66AC4900A1D795 /* auditory navigation */,
			);
			name = "auditory navigation";
			packageProductDependencies = (
			);
			productName = "auditory navigation";
			productReference = E1524CEC2D66AC4900A1D795 /* auditory navigation.app */;
			productType = "com.apple.product-type.application";
		};
		E1524CFB2D66AC4B00A1D795 /* auditory navigationTests */ = {
			isa = PBXNativeTarget;
			buildConfigurationList = E1524D132D66AC4B00A1D795 /* Build configuration list for PBXNativeTarget "auditory navigationTests" */;
			buildPhases = (
				E1524CF82D66AC4B00A1D795 /* Sources */,
				E1524CF92D66AC4B00A1D795 /* Frameworks */,
				E1524CFA2D66AC4B00A1D795 /* Resources */,
			);
			buildRules = (
			);
			dependencies = (
				E1524CFE2D66AC4B00A1D795 /* PBXTargetDependency */,
			);
			fileSystemSynchronizedGroups = (
				E1524CFF2D66AC4B00A1D795 /* auditory navigationTests */,
			);
			name = "auditory navigationTests";
			packageProductDependencies = (
			);
			productName = "auditory navigationTests";
			productReference = E1524CFC2D66AC4B00A1D795 /* auditory navigationTests.xctest */;
			productType = "com.apple.product-type.bundle.unit-test";
		};
		E1524D052D66AC4B00A1D795 /* auditory navigationUITests */ = {
			isa = PBXNativeTarget;
			buildConfigurationList = E1524D162D66AC4B00A1D795 /* Build configuration list for PBXNativeTarget "auditory navigationUITests" */;
			buildPhases = (
				E1524D022D66AC4B00A1D795 /* Sources */,
				E1524D032D66AC4B00A1D795 /* Frameworks */,
				E1524D042D66AC4B00A1D795 /* Resources */,
			);
			buildRules = (
			);
			dependencies = (
				E1524D082D66AC4B00A1D795 /* PBXTargetDependency */,
			);
			fileSystemSynchronizedGroups = (
				E1524D092D66AC4B00A1D795 /* auditory navigationUITests */,
			);
			name = "auditory navigationUITests";
			packageProductDependencies = (
			);
			productName = "auditory navigationUITests";
			productReference = E1524D062D66AC4B00A1D795 /* auditory navigationUITests.xctest */;
			productType = "com.apple.product-type.bundle.ui-testing";
		};
/* End PBXNativeTarget section */

/* Begin PBXProject section */
		E1524CE42D66AC4900A1D795 /* Project object */ = {
			isa = PBXProject;
			attributes = {
				BuildIndependentTargetsInParallel = 1;
				LastSwiftUpdateCheck = 1620;
				LastUpgradeCheck = 1620;
				TargetAttributes = {
					E1524CEB2D66AC4900A1D795 = {
						CreatedOnToolsVersion = 16.2;
					};
					E1524CFB2D66AC4B00A1D795 = {
						CreatedOnToolsVersion = 16.2;
						TestTargetID = E1524CEB2D66AC4900A1D795;
					};
					E1524D052D66AC4B00A1D795 = {
						CreatedOnToolsVersion = 16.2;
						TestTargetID = E1524CEB2D66AC4900A1D795;
					};
				};
			};
			buildConfigurationList = E1524CE72D66AC4900A1D795 /* Build configuration list for PBXProject "auditory navigation" */;
			developmentRegion = en;
			hasScannedForEncodings = 0;
			knownRegions = (
				en,
				Base,
			);
			mainGroup = E1524CE32D66AC4900A1D795;
			minimizedProjectReferenceProxies = 1;
			preferredProjectObjectVersion = 77;
			productRefGroup = E1524CED2D66AC4900A1D795 /* Products */;
			projectDirPath = "";
			projectRoot = "";
			targets = (
				E1524CEB2D66AC4900A1D795 /* auditory navigation */,
				E1524CFB2D66AC4B00A1D795 /* auditory navigationTests */,
				E1524D052D66AC4B00A1D795 /* auditory navigationUITests */,
			);
		};
/* End PBXProject section */

/* Begin PBXResourcesBuildPhase section */
		E1524CEA2D66AC4900A1D795 /* Resources */ = {
			isa = PBXResourcesBuildPhase;
			buildActionMask = 2147483647;
			files = (
			);
			runOnlyForDeploymentPostprocessing = 0;
		};
		E1524CFA2D66AC4B00A1D795 /* Resources */ = {
			isa = PBXResourcesBuildPhase;
			buildActionMask = 2147483647;
			files = (
			);
			runOnlyForDeploymentPostprocessing = 0;
		};
		E1524D042D66AC4B00A1D795 /* Resources */ = {
			isa = PBXResourcesBuildPhase;
			buildActionMask = 2147483647;
			files = (
			);
			runOnlyForDeploymentPostprocessing = 0;
		};
/* End PBXResourcesBuildPhase section */

/* Begin PBXSourcesBuildPhase section */
		E1524CE82D66AC4900A1D795 /* Sources */ = {
			isa = PBXSourcesBuildPhase;
			buildActionMask = 2147483647;
			files = (
			);
			runOnlyForDeploymentPostprocessing = 0;
		};
		E1524CF82D66AC4B00A1D795 /* Sources */ = {
			isa = PBXSourcesBuildPhase;
			buildActionMask = 2147483647;
			files = (
			);
			runOnlyForDeploymentPostprocessing = 0;
		};
		E1524D022D66AC4B00A1D795 /* Sources */ = {
			isa = PBXSourcesBuildPhase;
			buildActionMask = 2147483647;
			files = (
			);
			runOnlyForDeploymentPostprocessing = 0;
		};
/* End PBXSourcesBuildPhase section */

/* Begin PBXTargetDependency section */
		E1524CFE2D66AC4B00A1D795 /* PBXTargetDependency */ = {
			isa = PBXTargetDependency;
			target = E1524CEB2D66AC4900A1D795 /* auditory navigation */;
			targetProxy = E1524CFD2D66AC4B00A1D795 /* PBXContainerItemProxy */;
		};
		E1524D082D66AC4B00A1D795 /* PBXTargetDependency */ = {
			isa = PBXTargetDependency;
			target = E1524CEB2D66AC4900A1D795 /* auditory navigation */;
			targetProxy = E1524D072D66AC4B00A1D795 /* PBXContainerItemProxy */;
		};
/* End PBXTargetDependency section */

/* Begin XCBuildConfiguration section */
		E1524D0E2D66AC4B00A1D795 /* Debug */ = {
			isa = XCBuildConfiguration;
			buildSettings = {
				ALWAYS_SEARCH_USER_PATHS = NO;
				ASSETCATALOG_COMPILER_GENERATE_SWIFT_ASSET_SYMBOL_EXTENSIONS = YES;
				CLANG_ANALYZER_NONNULL = YES;
				CLANG_ANALYZER_NUMBER_OBJECT_CONVERSION = YES_AGGRESSIVE;
				CLANG_CXX_LANGUAGE_STANDARD = "gnu++20";
				CLANG_ENABLE_MODULES = YES;
				CLANG_ENABLE_OBJC_ARC = YES;
				CLANG_ENABLE_OBJC_WEAK = YES;
				CLANG_WARN_BLOCK_CAPTURE_AUTORELEASING = YES;
				CLANG_WARN_BOOL_CONVERSION = YES;
				CLANG_WARN_COMMA = YES;
				CLANG_WARN_CONSTANT_CONVERSION = YES;
				CLANG_WARN_DEPRECATED_OBJC_IMPLEMENTATIONS = YES;
				CLANG_WARN_DIRECT_OBJC_ISA_USAGE = YES_ERROR;
				CLANG_WARN_DOCUMENTATION_COMMENTS = YES;
				CLANG_WARN_EMPTY_BODY = YES;
				CLANG_WARN_ENUM_CONVERSION = YES;
				CLANG_WARN_INFINITE_RECURSION = YES;
				CLANG_WARN_INT_CONVERSION = YES;
				CLANG_WARN_NON_LITERAL_NULL_CONVERSION = YES;
				CLANG_WARN_OBJC_IMPLICIT_RETAIN_SELF = YES;
				CLANG_WARN_OBJC_LITERAL_CONVERSION = YES;
				CLANG_WARN_OBJC_ROOT_CLASS = YES_ERROR;
				CLANG_WARN_QUOTED_INCLUDE_IN_FRAMEWORK_HEADER = YES;
				CLANG_WARN_RANGE_LOOP_ANALYSIS = YES;
				CLANG_WARN_STRICT_PROTOTYPES = YES;
				CLANG_WARN_SUSPICIOUS_MOVE = YES;
				CLANG_WARN_UNGUARDED_AVAILABILITY = YES_AGGRESSIVE;
				CLANG_WARN_UNREACHABLE_CODE = YES;
				CLANG_WARN__DUPLICATE_METHOD_MATCH = YES;
				COPY_PHASE_STRIP = NO;
				DEBUG_INFORMATION_FORMAT = dwarf;
				ENABLE_STRICT_OBJC_MSGSEND = YES;
				ENABLE_TESTABILITY = YES;
				ENABLE_USER_SCRIPT_SANDBOXING = YES;
				GCC_C_LANGUAGE_STANDARD = gnu17;
				GCC_DYNAMIC_NO_PIC = NO;
				GCC_NO_COMMON_BLOCKS = YES;
				GCC_OPTIMIZATION_LEVEL = 0;
				GCC_PREPROCESSOR_DEFINITIONS = (
					"DEBUG=1",
					"$(inherited)",
				);
				GCC_WARN_64_TO_32_BIT_CONVERSION = YES;
				GCC_WARN_ABOUT_RETURN_TYPE = YES_ERROR;
				GCC_WARN_UNDECLARED_SELECTOR = YES;
				GCC_WARN_UNINITIALIZED_AUTOS = YES_AGGRESSIVE;
				GCC_WARN_UNUSED_FUNCTION = YES;
				GCC_WARN_UNUSED_VARIABLE = YES;
				IPHONEOS_DEPLOYMENT_TARGET = 18.2;
				LOCALIZATION_PREFERS_STRING_CATALOGS = YES;
				MTL_ENABLE_DEBUG_INFO = INCLUDE_SOURCE;
				MTL_FAST_MATH = YES;
				ONLY_ACTIVE_ARCH = YES;
				SDKROOT = iphoneos;
				SWIFT_ACTIVE_COMPILATION_CONDITIONS = "DEBUG $(inherited)";
				SWIFT_OPTIMIZATION_LEVEL = "-Onone";
			};
			name = Debug;
		};
		E1524D0F2D66AC4B00A1D795 /* Release */ = {
			isa = XCBuildConfiguration;
			buildSettings = {
				ALWAYS_SEARCH_USER_PATHS = NO;
				ASSETCATALOG_COMPILER_GENERATE_SWIFT_ASSET_SYMBOL_EXTENSIONS = YES;
				CLANG_ANALYZER_NONNULL = YES;
				CLANG_ANALYZER_NUMBER_OBJECT_CONVERSION = YES_AGGRESSIVE;
				CLANG_CXX_LANGUAGE_STANDARD = "gnu++20";
				CLANG_ENABLE_MODULES = YES;
				CLANG_ENABLE_OBJC_ARC = YES;
				CLANG_ENABLE_OBJC_WEAK = YES;
				CLANG_WARN_BLOCK_CAPTURE_AUTORELEASING = YES;
				CLANG_WARN_BOOL_CONVERSION = YES;
				CLANG_WARN_COMMA = YES;
				CLANG_WARN_CONSTANT_CONVERSION = YES;
				CLANG_WARN_DEPRECATED_OBJC_IMPLEMENTATIONS = YES;
				CLANG_WARN_DIRECT_OBJC_ISA_USAGE = YES_ERROR;
				CLANG_WARN_DOCUMENTATION_COMMENTS = YES;
				CLANG_WARN_EMPTY_BODY = YES;
				CLANG_WARN_ENUM_CONVERSION = YES;
				CLANG_WARN_INFINITE_RECURSION = YES;
				CLANG_WARN_INT_CONVERSION = YES;
				CLANG_WARN_NON_LITERAL_NULL_CONVERSION = YES;
				CLANG_WARN_OBJC_IMPLICIT_RETAIN_SELF = YES;
				CLANG_WARN_OBJC_LITERAL_CONVERSION = YES;
				CLANG_WARN_OBJC_ROOT_CLASS = YES_ERROR;
				CLANG_WARN_QUOTED_INCLUDE_IN_FRAMEWORK_HEADER = YES;
				CLANG_WARN_RANGE_LOOP_ANALYSIS = YES;
				CLANG_WARN_STRICT_PROTOTYPES = YES;
				CLANG_WARN_SUSPICIOUS_MOVE = YES;
				CLANG_WARN_UNGUARDED_AVAILABILITY = YES_AGGRESSIVE;
				CLANG_WARN_UNREACHABLE_CODE = YES;
				CLANG_WARN__DUPLICATE_METHOD_MATCH = YES;
				COPY_PHASE_STRIP = NO;
				DEBUG_INFORMATION_FORMAT = "dwarf-with-dsym";
				ENABLE_NS_ASSERTIONS = NO;
				ENABLE_STRICT_OBJC_MSGSEND = YES;
				ENABLE_USER_SCRIPT_SANDBOXING = YES;
				GCC_C_LANGUAGE_STANDARD = gnu17;
				GCC_NO_COMMON_BLOCKS = YES;
				GCC_WARN_64_TO_32_BIT_CONVERSION = YES;
				GCC_WARN_ABOUT_RETURN_TYPE = YES_ERROR;
				GCC_WARN_UNDECLARED_SELECTOR = YES;
				GCC_WARN_UNINITIALIZED_AUTOS = YES_AGGRESSIVE;
				GCC_WARN_UNUSED_FUNCTION = YES;
				GCC_WARN_UNUSED_VARIABLE = YES;
				IPHONEOS_DEPLOYMENT_TARGET = 18.2;
				LOCALIZATION_PREFERS_STRING_CATALOGS = YES;
				MTL_ENABLE_DEBUG_INFO = NO;
				MTL_FAST_MATH = YES;
				SDKROOT = iphoneos;
				SWIFT_COMPILATION_MODE = wholemodule;
				VALIDATE_PRODUCT = YES;
			};
			name = Release;
		};
		E1524D112D66AC4B00A1D795 /* Debug */ = {
			isa = XCBuildConfiguration;
			buildSettings = {
				ASSETCATALOG_COMPILER_APPICON_NAME = AppIcon;
				ASSETCATALOG_COMPILER_GLOBAL_ACCENT_COLOR_NAME = AccentColor;
				CODE_SIGN_STYLE = Automatic;
				CURRENT_PROJECT_VERSION = 1;
				DEVELOPMENT_ASSET_PATHS = "\"auditory navigation/Preview Content\"";
				DEVELOPMENT_TEAM = Z3QHWSBQHF;
				ENABLE_PREVIEWS = YES;
				GENERATE_INFOPLIST_FILE = YES;
				INFOPLIST_KEY_UIApplicationSceneManifest_Generation = YES;
				INFOPLIST_KEY_UIApplicationSupportsIndirectInputEvents = YES;
				INFOPLIST_KEY_UILaunchScreen_Generation = YES;
				INFOPLIST_KEY_UISupportedInterfaceOrientations_iPad = "UIInterfaceOrientationPortrait UIInterfaceOrientationPortraitUpsideDown UIInterfaceOrientationLandscapeLeft UIInterfaceOrientationLandscapeRight";
				INFOPLIST_KEY_UISupportedInterfaceOrientations_iPhone = "UIInterfaceOrientationPortrait UIInterfaceOrientationLandscapeLeft UIInterfaceOrientationLandscapeRight";
				LD_RUNPATH_SEARCH_PATHS = (
					"$(inherited)",
					"@executable_path/Frameworks",
				);
				MARKETING_VERSION = 1.0;
				PRODUCT_BUNDLE_IDENTIFIER = "com.hz3322.auditory-navigation";
				PRODUCT_NAME = "$(TARGET_NAME)";
				SWIFT_EMIT_LOC_STRINGS = YES;
				SWIFT_VERSION = 5.0;
				TARGETED_DEVICE_FAMILY = "1,2";
			};
			name = Debug;
		};
		E1524D122D66AC4B00A1D795 /* Release */ = {
			isa = XCBuildConfiguration;
			buildSettings = {
				ASSETCATALOG_COMPILER_APPICON_NAME = AppIcon;
				ASSETCATALOG_COMPILER_GLOBAL_ACCENT_COLOR_NAME = AccentColor;
				CODE_SIGN_STYLE = Automatic;
				CURRENT_PROJECT_VERSION = 1;
				DEVELOPMENT_ASSET_PATHS = "\"auditory navigation/Preview Content\"";
				DEVELOPMENT_TEAM = Z3QHWSBQHF;
				ENABLE_PREVIEWS = YES;
				GENERATE_INFOPLIST_FILE = YES;
				INFOPLIST_KEY_UIApplicationSceneManifest_Generation = YES;
				INFOPLIST_KEY_UIApplicationSupportsIndirectInputEvents = YES;
				INFOPLIST_KEY_UILaunchScreen_Generation = YES;
				INFOPLIST_KEY_UISupportedInterfaceOrientations_iPad = "UIInterfaceOrientationPortrait UIInterfaceOrientationPortraitUpsideDown UIInterfaceOrientationLandscapeLeft UIInterfaceOrientationLandscapeRight";
				INFOPLIST_KEY_UISupportedInterfaceOrientations_iPhone = "UIInterfaceOrientationPortrait UIInterfaceOrientationLandscapeLeft UIInterfaceOrientationLandscapeRight";
				LD_RUNPATH_SEARCH_PATHS = (
					"$(inherited)",
					"@executable_path/Frameworks",
				);
				MARKETING_VERSION = 1.0;
				PRODUCT_BUNDLE_IDENTIFIER = "com.hz3322.auditory-navigation";
				PRODUCT_NAME = "$(TARGET_NAME)";
				SWIFT_EMIT_LOC_STRINGS = YES;
				SWIFT_VERSION = 5.0;
				TARGETED_DEVICE_FAMILY = "1,2";
			};
			name = Release;
		};
		E1524D142D66AC4B00A1D795 /* Debug */ = {
			isa = XCBuildConfiguration;
			buildSettings = {
				BUNDLE_LOADER = "$(TEST_HOST)";
				CODE_SIGN_STYLE = Automatic;
				CURRENT_PROJECT_VERSION = 1;
				DEVELOPMENT_TEAM = Z3QHWSBQHF;
				GENERATE_INFOPLIST_FILE = YES;
				IPHONEOS_DEPLOYMENT_TARGET = 18.2;
				MARKETING_VERSION = 1.0;
				PRODUCT_BUNDLE_IDENTIFIER = "com.hz3322.auditory-navigationTests";
				PRODUCT_NAME = "$(TARGET_NAME)";
				SWIFT_EMIT_LOC_STRINGS = NO;
				SWIFT_VERSION = 5.0;
				TARGETED_DEVICE_FAMILY = "1,2";
				TEST_HOST = "$(BUILT_PRODUCTS_DIR)/auditory navigation.app/$(BUNDLE_EXECUTABLE_FOLDER_PATH)/auditory navigation";
			};
			name = Debug;
		};
		E1524D152D66AC4B00A1D795 /* Release */ = {
			isa = XCBuildConfiguration;
			buildSettings = {
				BUNDLE_LOADER = "$(TEST_HOST)";
				CODE_SIGN_STYLE = Automatic;
				CURRENT_PROJECT_VERSION = 1;
				DEVELOPMENT_TEAM = Z3QHWSBQHF;
				GENERATE_INFOPLIST_FILE = YES;
				IPHONEOS_DEPLOYMENT_TARGET = 18.2;
				MARKETING_VERSION = 1.0;
				PRODUCT_BUNDLE_IDENTIFIER = "com.hz3322.auditory-navigationTests";
				PRODUCT_NAME = "$(TARGET_NAME)";
				SWIFT_EMIT_LOC_STRINGS = NO;
				SWIFT_VERSION = 5.0;
				TARGETED_DEVICE_FAMILY = "1,2";
				TEST_HOST = "$(BUILT_PRODUCTS_DIR)/auditory navigation.app/$(BUNDLE_EXECUTABLE_FOLDER_PATH)/auditory navigation";
			};
			name = Release;
		};
		E1524D172D66AC4B00A1D795 /* Debug */ = {
			isa = XCBuildConfiguration;
			buildSettings = {
				CODE_SIGN_STYLE = Automatic;
				CURRENT_PROJECT_VERSION = 1;
				DEVELOPMENT_TEAM = Z3QHWSBQHF;
				GENERATE_INFOPLIST_FILE = YES;
				MARKETING_VERSION = 1.0;
				PRODUCT_BUNDLE_IDENTIFIER = "com.hz3322.auditory-navigationUITests";
				PRODUCT_NAME = "$(TARGET_NAME)";
				SWIFT_EMIT_LOC_STRINGS = NO;
				SWIFT_VERSION = 5.0;
				TARGETED_DEVICE_FAMILY = "1,2";
				TEST_TARGET_NAME = "auditory navigation";
			};
			name = Debug;
		};
		E1524D182D66AC4B00A1D795 /* Release */ = {
			isa = XCBuildConfiguration;
			buildSettings = {
				CODE_SIGN_STYLE = Automatic;
				CURRENT_PROJECT_VERSION = 1;
				DEVELOPMENT_TEAM = Z3QHWSBQHF;
				GENERATE_INFOPLIST_FILE = YES;
				MARKETING_VERSION = 1.0;
				PRODUCT_BUNDLE_IDENTIFIER = "com.hz3322.auditory-navigationUITests";
				PRODUCT_NAME = "$(TARGET_NAME)";
				SWIFT_EMIT_LOC_STRINGS = NO;
				SWIFT_VERSION = 5.0;
				TARGETED_DEVICE_FAMILY = "1,2";
				TEST_TARGET_NAME = "auditory navigation";
			};
			name = Release;
		};
/* End XCBuildConfiguration section */

/* Begin XCConfigurationList section */
		E1524CE72D66AC4900A1D795 /* Build configuration list for PBXProject "auditory navigation" */ = {
			isa = XCConfigurationList;
			buildConfigurations = (
				E1524D0E2D66AC4B00A1D795 /* Debug */,
				E1524D0F2D66AC4B00A1D795 /* Release */,
			);
			defaultConfigurationIsVisible = 0;
			defaultConfigurationName = Release;
		};
		E1524D102D66AC4B00A1D795 /* Build configuration list for PBXNativeTarget "auditory navigation" */ = {
			isa = XCConfigurationList;
			buildConfigurations = (
				E1524D112D66AC4B00A1D795 /* Debug */,
				E1524D122D66AC4B00A1D795 /* Release */,
			);
			defaultConfigurationIsVisible = 0;
			defaultConfigurationName = Release;
		};
		E1524D132D66AC4B00A1D795 /* Build configuration list for PBXNativeTarget "auditory navigationTests" */ = {
			isa = XCConfigurationList;
			buildConfigurations = (
				E1524D142D66AC4B00A1D795 /* Debug */,
				E1524D152D66AC4B00A1D795 /* Release */,
			);
			defaultConfigurationIsVisible = 0;
			defaultConfigurationName = Release;
		};
		E1524D162D66AC4B00A1D795 /* Build configuration list for PBXNativeTarget "auditory navigationUITests" */ = {
			isa = XCConfigurationList;
			buildConfigurations = (
				E1524D172D66AC4B00A1D795 /* Debug */,
				E1524D182D66AC4B00A1D795 /* Release */,
			);
			defaultConfigurationIsVisible = 0;
			defaultConfigurationName = Release;
		};
/* End XCConfigurationList section */
	};
	rootObject = E1524CE42D66AC4900A1D795 /* Project object */;
}
